// !$*UTF8*$!
{
	archiveVersion = 1;
	classes = {
	};
	objectVersion = 55;
	objects = {

/* Begin PBXBuildFile section */
		7033E3B127636C7B009489B6 /* DataDetailsItem.swift in Sources */ = {isa = PBXBuildFile; fileRef = 7033E3B027636C7B009489B6 /* DataDetailsItem.swift */; };
		7033E3B427637459009489B6 /* Kingfisher in Frameworks */ = {isa = PBXBuildFile; productRef = 7033E3B327637459009489B6 /* Kingfisher */; };
		7033E3B627637E41009489B6 /* BaseTextField.swift in Sources */ = {isa = PBXBuildFile; fileRef = 7033E3B527637E41009489B6 /* BaseTextField.swift */; };
		707DA7492762117E0083F921 /* Alamofire in Frameworks */ = {isa = PBXBuildFile; productRef = 707DA7482762117E0083F921 /* Alamofire */; };
		707DA74D2762178B0083F921 /* RequstBuilder.swift in Sources */ = {isa = PBXBuildFile; fileRef = 707DA74C2762178B0083F921 /* RequstBuilder.swift */; };
		707DA74F27621A9A0083F921 /* Network.swift in Sources */ = {isa = PBXBuildFile; fileRef = 707DA74E27621A9A0083F921 /* Network.swift */; };
		707DA75127621C350083F921 /* USAData.swift in Sources */ = {isa = PBXBuildFile; fileRef = 707DA75027621C350083F921 /* USAData.swift */; };
		707DA75327621FA60083F921 /* Repository.swift in Sources */ = {isa = PBXBuildFile; fileRef = 707DA75227621FA60083F921 /* Repository.swift */; };
		709EE66C2762296C00BF2CAA /* ContentViewModel.swift in Sources */ = {isa = PBXBuildFile; fileRef = 709EE66B2762296C00BF2CAA /* ContentViewModel.swift */; };
		709EE66F27622D9E00BF2CAA /* BaseViewModel.swift in Sources */ = {isa = PBXBuildFile; fileRef = 709EE66E27622D9E00BF2CAA /* BaseViewModel.swift */; };
		709EE67127622DC500BF2CAA /* BaseAlert.swift in Sources */ = {isa = PBXBuildFile; fileRef = 709EE67027622DC500BF2CAA /* BaseAlert.swift */; };
		709EE673276230F500BF2CAA /* BaseLoader.swift in Sources */ = {isa = PBXBuildFile; fileRef = 709EE672276230F500BF2CAA /* BaseLoader.swift */; };
		709EE6752762315600BF2CAA /* BaseView.swift in Sources */ = {isa = PBXBuildFile; fileRef = 709EE6742762315600BF2CAA /* BaseView.swift */; };
		709EE6772762323200BF2CAA /* BaseNavItems.swift in Sources */ = {isa = PBXBuildFile; fileRef = 709EE6762762323200BF2CAA /* BaseNavItems.swift */; };
		709EE67A2762360800BF2CAA /* ColorExtension.swift in Sources */ = {isa = PBXBuildFile; fileRef = 709EE6792762360800BF2CAA /* ColorExtension.swift */; };
		709EE67C2762445100BF2CAA /* StartingView.swift in Sources */ = {isa = PBXBuildFile; fileRef = 709EE67B2762445100BF2CAA /* StartingView.swift */; };
		70C2E598275E56C6007DB761 /* PracticalSwiftUIApp.swift in Sources */ = {isa = PBXBuildFile; fileRef = 70C2E597275E56C6007DB761 /* PracticalSwiftUIApp.swift */; };
		70C2E59A275E56C6007DB761 /* ContentView.swift in Sources */ = {isa = PBXBuildFile; fileRef = 70C2E599275E56C6007DB761 /* ContentView.swift */; };
		70C2E59C275E56C7007DB761 /* Assets.xcassets in Resources */ = {isa = PBXBuildFile; fileRef = 70C2E59B275E56C7007DB761 /* Assets.xcassets */; };
		70C2E59F275E56C7007DB761 /* Preview Assets.xcassets in Resources */ = {isa = PBXBuildFile; fileRef = 70C2E59E275E56C7007DB761 /* Preview Assets.xcassets */; };
/* End PBXBuildFile section */

/* Begin PBXFileReference section */
		7033E3B027636C7B009489B6 /* DataDetailsItem.swift */ = {isa = PBXFileReference; lastKnownFileType = sourcecode.swift; path = DataDetailsItem.swift; sourceTree = "<group>"; };
		7033E3B527637E41009489B6 /* BaseTextField.swift */ = {isa = PBXFileReference; lastKnownFileType = sourcecode.swift; path = BaseTextField.swift; sourceTree = "<group>"; };
		707DA74C2762178B0083F921 /* RequstBuilder.swift */ = {isa = PBXFileReference; lastKnownFileType = sourcecode.swift; path = RequstBuilder.swift; sourceTree = "<group>"; };
		707DA74E27621A9A0083F921 /* Network.swift */ = {isa = PBXFileReference; lastKnownFileType = sourcecode.swift; path = Network.swift; sourceTree = "<group>"; };
		707DA75027621C350083F921 /* USAData.swift */ = {isa = PBXFileReference; lastKnownFileType = sourcecode.swift; path = USAData.swift; sourceTree = "<group>"; };
		707DA75227621FA60083F921 /* Repository.swift */ = {isa = PBXFileReference; lastKnownFileType = sourcecode.swift; path = Repository.swift; sourceTree = "<group>"; };
		709EE66B2762296C00BF2CAA /* ContentViewModel.swift */ = {isa = PBXFileReference; lastKnownFileType = sourcecode.swift; path = ContentViewModel.swift; sourceTree = "<group>"; };
		709EE66E27622D9E00BF2CAA /* BaseViewModel.swift */ = {isa = PBXFileReference; lastKnownFileType = sourcecode.swift; path = BaseViewModel.swift; sourceTree = "<group>"; };
		709EE67027622DC500BF2CAA /* BaseAlert.swift */ = {isa = PBXFileReference; lastKnownFileType = sourcecode.swift; path = BaseAlert.swift; sourceTree = "<group>"; };
		709EE672276230F500BF2CAA /* BaseLoader.swift */ = {isa = PBXFileReference; lastKnownFileType = sourcecode.swift; path = BaseLoader.swift; sourceTree = "<group>"; };
		709EE6742762315600BF2CAA /* BaseView.swift */ = {isa = PBXFileReference; lastKnownFileType = sourcecode.swift; path = BaseView.swift; sourceTree = "<group>"; };
		709EE6762762323200BF2CAA /* BaseNavItems.swift */ = {isa = PBXFileReference; lastKnownFileType = sourcecode.swift; path = BaseNavItems.swift; sourceTree = "<group>"; };
		709EE6792762360800BF2CAA /* ColorExtension.swift */ = {isa = PBXFileReference; lastKnownFileType = sourcecode.swift; path = ColorExtension.swift; sourceTree = "<group>"; };
		709EE67B2762445100BF2CAA /* StartingView.swift */ = {isa = PBXFileReference; lastKnownFileType = sourcecode.swift; path = StartingView.swift; sourceTree = "<group>"; };
		70C2E594275E56C6007DB761 /* PracticalSwiftUI.app */ = {isa = PBXFileReference; explicitFileType = wrapper.application; includeInIndex = 0; path = PracticalSwiftUI.app; sourceTree = BUILT_PRODUCTS_DIR; };
		70C2E597275E56C6007DB761 /* PracticalSwiftUIApp.swift */ = {isa = PBXFileReference; lastKnownFileType = sourcecode.swift; path = PracticalSwiftUIApp.swift; sourceTree = "<group>"; };
		70C2E599275E56C6007DB761 /* ContentView.swift */ = {isa = PBXFileReference; lastKnownFileType = sourcecode.swift; path = ContentView.swift; sourceTree = "<group>"; };
		70C2E59B275E56C7007DB761 /* Assets.xcassets */ = {isa = PBXFileReference; lastKnownFileType = folder.assetcatalog; path = Assets.xcassets; sourceTree = "<group>"; };
		70C2E59E275E56C7007DB761 /* Preview Assets.xcassets */ = {isa = PBXFileReference; lastKnownFileType = folder.assetcatalog; path = "Preview Assets.xcassets"; sourceTree = "<group>"; };
/* End PBXFileReference section */

/* Begin PBXFrameworksBuildPhase section */
		70C2E591275E56C6007DB761 /* Frameworks */ = {
			isa = PBXFrameworksBuildPhase;
			buildActionMask = 2147483647;
			files = (
				7033E3B427637459009489B6 /* Kingfisher in Frameworks */,
				707DA7492762117E0083F921 /* Alamofire in Frameworks */,
			);
			runOnlyForDeploymentPostprocessing = 0;
		};
/* End PBXFrameworksBuildPhase section */

/* Begin PBXGroup section */
		707DA74A276216B00083F921 /* API */ = {
			isa = PBXGroup;
			children = (
				707DA74B276216B70083F921 /* Responses */,
				707DA74C2762178B0083F921 /* RequstBuilder.swift */,
				707DA74E27621A9A0083F921 /* Network.swift */,
				707DA75227621FA60083F921 /* Repository.swift */,
			);
			path = API;
			sourceTree = "<group>";
		};
		707DA74B276216B70083F921 /* Responses */ = {
			isa = PBXGroup;
			children = (
				707DA75027621C350083F921 /* USAData.swift */,
			);
			path = Responses;
			sourceTree = "<group>";
		};
		707DA75427621FAE0083F921 /* UI */ = {
			isa = PBXGroup;
			children = (
				709EE6782762359C00BF2CAA /* Extensions */,
				709EE66D27622D7500BF2CAA /* Base Elements */,
				70C2E597275E56C6007DB761 /* PracticalSwiftUIApp.swift */,
				70C2E599275E56C6007DB761 /* ContentView.swift */,
				709EE66B2762296C00BF2CAA /* ContentViewModel.swift */,
				709EE67B2762445100BF2CAA /* StartingView.swift */,
				7033E3B027636C7B009489B6 /* DataDetailsItem.swift */,
			);
			path = UI;
			sourceTree = "<group>";
		};
		709EE66D27622D7500BF2CAA /* Base Elements */ = {
			isa = PBXGroup;
			children = (
				709EE66E27622D9E00BF2CAA /* BaseViewModel.swift */,
				709EE67027622DC500BF2CAA /* BaseAlert.swift */,
				709EE672276230F500BF2CAA /* BaseLoader.swift */,
				709EE6742762315600BF2CAA /* BaseView.swift */,
				709EE6762762323200BF2CAA /* BaseNavItems.swift */,
				7033E3B527637E41009489B6 /* BaseTextField.swift */,
			);
			path = "Base Elements";
			sourceTree = "<group>";
		};
		709EE6782762359C00BF2CAA /* Extensions */ = {
			isa = PBXGroup;
			children = (
				709EE6792762360800BF2CAA /* ColorExtension.swift */,
			);
			path = Extensions;
			sourceTree = "<group>";
		};
		70C2E58B275E56C5007DB761 = {
			isa = PBXGroup;
			children = (
				70C2E596275E56C6007DB761 /* PracticalSwiftUI */,
				70C2E595275E56C6007DB761 /* Products */,
			);
			sourceTree = "<group>";
		};
		70C2E595275E56C6007DB761 /* Products */ = {
			isa = PBXGroup;
			children = (
				70C2E594275E56C6007DB761 /* PracticalSwiftUI.app */,
			);
			name = Products;
			sourceTree = "<group>";
		};
		70C2E596275E56C6007DB761 /* PracticalSwiftUI */ = {
			isa = PBXGroup;
			children = (
				707DA74A276216B00083F921 /* API */,
				707DA75427621FAE0083F921 /* UI */,
				70C2E59B275E56C7007DB761 /* Assets.xcassets */,
				70C2E59D275E56C7007DB761 /* Preview Content */,
			);
			path = PracticalSwiftUI;
			sourceTree = "<group>";
		};
		70C2E59D275E56C7007DB761 /* Preview Content */ = {
			isa = PBXGroup;
			children = (
				70C2E59E275E56C7007DB761 /* Preview Assets.xcassets */,
			);
			path = "Preview Content";
			sourceTree = "<group>";
		};
/* End PBXGroup section */

/* Begin PBXNativeTarget section */
		70C2E593275E56C6007DB761 /* PracticalSwiftUI */ = {
			isa = PBXNativeTarget;
			buildConfigurationList = 70C2E5A2275E56C7007DB761 /* Build configuration list for PBXNativeTarget "PracticalSwiftUI" */;
			buildPhases = (
				70C2E590275E56C6007DB761 /* Sources */,
				70C2E591275E56C6007DB761 /* Frameworks */,
				70C2E592275E56C6007DB761 /* Resources */,
			);
			buildRules = (
			);
			dependencies = (
			);
			name = PracticalSwiftUI;
			packageProductDependencies = (
				707DA7482762117E0083F921 /* Alamofire */,
				7033E3B327637459009489B6 /* Kingfisher */,
			);
			productName = PracticalSwiftUI;
			productReference = 70C2E594275E56C6007DB761 /* PracticalSwiftUI.app */;
			productType = "com.apple.product-type.application";
		};
/* End PBXNativeTarget section */

/* Begin PBXProject section */
		70C2E58C275E56C5007DB761 /* Project object */ = {
			isa = PBXProject;
			attributes = {
				BuildIndependentTargetsInParallel = 1;
				LastSwiftUpdateCheck = 1310;
				LastUpgradeCheck = 1310;
				TargetAttributes = {
					70C2E593275E56C6007DB761 = {
						CreatedOnToolsVersion = 13.1;
					};
				};
			};
			buildConfigurationList = 70C2E58F275E56C5007DB761 /* Build configuration list for PBXProject "PracticalSwiftUI" */;
			compatibilityVersion = "Xcode 13.0";
			developmentRegion = en;
			hasScannedForEncodings = 0;
			knownRegions = (
				en,
				Base,
			);
			mainGroup = 70C2E58B275E56C5007DB761;
			packageReferences = (
				707DA7472762117E0083F921 /* XCRemoteSwiftPackageReference "Alamofire" */,
				7033E3B227637459009489B6 /* XCRemoteSwiftPackageReference "Kingfisher" */,
			);
			productRefGroup = 70C2E595275E56C6007DB761 /* Products */;
			projectDirPath = "";
			projectRoot = "";
			targets = (
				70C2E593275E56C6007DB761 /* PracticalSwiftUI */,
			);
		};
/* End PBXProject section */

/* Begin PBXResourcesBuildPhase section */
		70C2E592275E56C6007DB761 /* Resources */ = {
			isa = PBXResourcesBuildPhase;
			buildActionMask = 2147483647;
			files = (
				70C2E59F275E56C7007DB761 /* Preview Assets.xcassets in Resources */,
				70C2E59C275E56C7007DB761 /* Assets.xcassets in Resources */,
			);
			runOnlyForDeploymentPostprocessing = 0;
		};
/* End PBXResourcesBuildPhase section */

/* Begin PBXSourcesBuildPhase section */
		70C2E590275E56C6007DB761 /* Sources */ = {
			isa = PBXSourcesBuildPhase;
			buildActionMask = 2147483647;
			files = (
				707DA75127621C350083F921 /* USAData.swift in Sources */,
				70C2E59A275E56C6007DB761 /* ContentView.swift in Sources */,
				7033E3B627637E41009489B6 /* BaseTextField.swift in Sources */,
				70C2E598275E56C6007DB761 /* PracticalSwiftUIApp.swift in Sources */,
				709EE66C2762296C00BF2CAA /* ContentViewModel.swift in Sources */,
				709EE67A2762360800BF2CAA /* ColorExtension.swift in Sources */,
				707DA74F27621A9A0083F921 /* Network.swift in Sources */,
				709EE6772762323200BF2CAA /* BaseNavItems.swift in Sources */,
				709EE66F27622D9E00BF2CAA /* BaseViewModel.swift in Sources */,
				707DA74D2762178B0083F921 /* RequstBuilder.swift in Sources */,
				709EE673276230F500BF2CAA /* BaseLoader.swift in Sources */,
				709EE67C2762445100BF2CAA /* StartingView.swift in Sources */,
				709EE67127622DC500BF2CAA /* BaseAlert.swift in Sources */,
				7033E3B127636C7B009489B6 /* DataDetailsItem.swift in Sources */,
				709EE6752762315600BF2CAA /* BaseView.swift in Sources */,
				707DA75327621FA60083F921 /* Repository.swift in Sources */,
			);
			runOnlyForDeploymentPostprocessing = 0;
		};
/* End PBXSourcesBuildPhase section */

/* Begin XCBuildConfiguration section */
		70C2E5A0275E56C7007DB761 /* Debug */ = {
			isa = XCBuildConfiguration;
			buildSettings = {
				ALWAYS_SEARCH_USER_PATHS = NO;
				CLANG_ANALYZER_NONNULL = YES;
				CLANG_ANALYZER_NUMBER_OBJECT_CONVERSION = YES_AGGRESSIVE;
				CLANG_CXX_LANGUAGE_STANDARD = "gnu++17";
				CLANG_CXX_LIBRARY = "libc++";
				CLANG_ENABLE_MODULES = YES;
				CLANG_ENABLE_OBJC_ARC = YES;
				CLANG_ENABLE_OBJC_WEAK = YES;
				CLANG_WARN_BLOCK_CAPTURE_AUTORELEASING = YES;
				CLANG_WARN_BOOL_CONVERSION = YES;
				CLANG_WARN_COMMA = YES;
				CLANG_WARN_CONSTANT_CONVERSION = YES;
				CLANG_WARN_DEPRECATED_OBJC_IMPLEMENTATIONS = YES;
				CLANG_WARN_DIRECT_OBJC_ISA_USAGE = YES_ERROR;
				CLANG_WARN_DOCUMENTATION_COMMENTS = YES;
				CLANG_WARN_EMPTY_BODY = YES;
				CLANG_WARN_ENUM_CONVERSION = YES;
				CLANG_WARN_INFINITE_RECURSION = YES;
				CLANG_WARN_INT_CONVERSION = YES;
				CLANG_WARN_NON_LITERAL_NULL_CONVERSION = YES;
				CLANG_WARN_OBJC_IMPLICIT_RETAIN_SELF = YES;
				CLANG_WARN_OBJC_LITERAL_CONVERSION = YES;
				CLANG_WARN_OBJC_ROOT_CLASS = YES_ERROR;
				CLANG_WARN_QUOTED_INCLUDE_IN_FRAMEWORK_HEADER = YES;
				CLANG_WARN_RANGE_LOOP_ANALYSIS = YES;
				CLANG_WARN_STRICT_PROTOTYPES = YES;
				CLANG_WARN_SUSPICIOUS_MOVE = YES;
				CLANG_WARN_UNGUARDED_AVAILABILITY = YES_AGGRESSIVE;
				CLANG_WARN_UNREACHABLE_CODE = YES;
				CLANG_WARN__DUPLICATE_METHOD_MATCH = YES;
				COPY_PHASE_STRIP = NO;
				DEBUG_INFORMATION_FORMAT = dwarf;
				ENABLE_STRICT_OBJC_MSGSEND = YES;
				ENABLE_TESTABILITY = YES;
				GCC_C_LANGUAGE_STANDARD = gnu11;
				GCC_DYNAMIC_NO_PIC = NO;
				GCC_NO_COMMON_BLOCKS = YES;
				GCC_OPTIMIZATION_LEVEL = 0;
				GCC_PREPROCESSOR_DEFINITIONS = (
					"DEBUG=1",
					"$(inherited)",
				);
				GCC_WARN_64_TO_32_BIT_CONVERSION = YES;
				GCC_WARN_ABOUT_RETURN_TYPE = YES_ERROR;
				GCC_WARN_UNDECLARED_SELECTOR = YES;
				GCC_WARN_UNINITIALIZED_AUTOS = YES_AGGRESSIVE;
				GCC_WARN_UNUSED_FUNCTION = YES;
				GCC_WARN_UNUSED_VARIABLE = YES;
				IPHONEOS_DEPLOYMENT_TARGET = 15.0;
				MTL_ENABLE_DEBUG_INFO = INCLUDE_SOURCE;
				MTL_FAST_MATH = YES;
				ONLY_ACTIVE_ARCH = YES;
				SDKROOT = iphoneos;
				SWIFT_ACTIVE_COMPILATION_CONDITIONS = DEBUG;
				SWIFT_OPTIMIZATION_LEVEL = "-Onone";
			};
			name = Debug;
		};
		70C2E5A1275E56C7007DB761 /* Release */ = {
			isa = XCBuildConfiguration;
			buildSettings = {
				ALWAYS_SEARCH_USER_PATHS = NO;
				CLANG_ANALYZER_NONNULL = YES;
				CLANG_ANALYZER_NUMBER_OBJECT_CONVERSION = YES_AGGRESSIVE;
				CLANG_CXX_LANGUAGE_STANDARD = "gnu++17";
				CLANG_CXX_LIBRARY = "libc++";
				CLANG_ENABLE_MODULES = YES;
				CLANG_ENABLE_OBJC_ARC = YES;
				CLANG_ENABLE_OBJC_WEAK = YES;
				CLANG_WARN_BLOCK_CAPTURE_AUTORELEASING = YES;
				CLANG_WARN_BOOL_CONVERSION = YES;
				CLANG_WARN_COMMA = YES;
				CLANG_WARN_CONSTANT_CONVERSION = YES;
				CLANG_WARN_DEPRECATED_OBJC_IMPLEMENTATIONS = YES;
				CLANG_WARN_DIRECT_OBJC_ISA_USAGE = YES_ERROR;
				CLANG_WARN_DOCUMENTATION_COMMENTS = YES;
				CLANG_WARN_EMPTY_BODY = YES;
				CLANG_WARN_ENUM_CONVERSION = YES;
				CLANG_WARN_INFINITE_RECURSION = YES;
				CLANG_WARN_INT_CONVERSION = YES;
				CLANG_WARN_NON_LITERAL_NULL_CONVERSION = YES;
				CLANG_WARN_OBJC_IMPLICIT_RETAIN_SELF = YES;
				CLANG_WARN_OBJC_LITERAL_CONVERSION = YES;
				CLANG_WARN_OBJC_ROOT_CLASS = YES_ERROR;
				CLANG_WARN_QUOTED_INCLUDE_IN_FRAMEWORK_HEADER = YES;
				CLANG_WARN_RANGE_LOOP_ANALYSIS = YES;
				CLANG_WARN_STRICT_PROTOTYPES = YES;
				CLANG_WARN_SUSPICIOUS_MOVE = YES;
				CLANG_WARN_UNGUARDED_AVAILABILITY = YES_AGGRESSIVE;
				CLANG_WARN_UNREACHABLE_CODE = YES;
				CLANG_WARN__DUPLICATE_METHOD_MATCH = YES;
				COPY_PHASE_STRIP = NO;
				DEBUG_INFORMATION_FORMAT = "dwarf-with-dsym";
				ENABLE_NS_ASSERTIONS = NO;
				ENABLE_STRICT_OBJC_MSGSEND = YES;
				GCC_C_LANGUAGE_STANDARD = gnu11;
				GCC_NO_COMMON_BLOCKS = YES;
				GCC_WARN_64_TO_32_BIT_CONVERSION = YES;
				GCC_WARN_ABOUT_RETURN_TYPE = YES_ERROR;
				GCC_WARN_UNDECLARED_SELECTOR = YES;
				GCC_WARN_UNINITIALIZED_AUTOS = YES_AGGRESSIVE;
				GCC_WARN_UNUSED_FUNCTION = YES;
				GCC_WARN_UNUSED_VARIABLE = YES;
				IPHONEOS_DEPLOYMENT_TARGET = 15.0;
				MTL_ENABLE_DEBUG_INFO = NO;
				MTL_FAST_MATH = YES;
				SDKROOT = iphoneos;
				SWIFT_COMPILATION_MODE = wholemodule;
				SWIFT_OPTIMIZATION_LEVEL = "-O";
				VALIDATE_PRODUCT = YES;
			};
			name = Release;
		};
		70C2E5A3275E56C7007DB761 /* Debug */ = {
			isa = XCBuildConfiguration;
			buildSettings = {
				ASSETCATALOG_COMPILER_APPICON_NAME = AppIcon;
				ASSETCATALOG_COMPILER_GLOBAL_ACCENT_COLOR_NAME = AccentColor;
				CODE_SIGN_IDENTITY = "Apple Development";
				CODE_SIGN_STYLE = Automatic;
				CURRENT_PROJECT_VERSION = 1;
				DEVELOPMENT_ASSET_PATHS = "\"PracticalSwiftUI/Preview Content\"";
				DEVELOPMENT_TEAM = 6UW9G8A7BB;
				ENABLE_PREVIEWS = YES;
				GENERATE_INFOPLIST_FILE = YES;
				INFOPLIST_KEY_UIApplicationSceneManifest_Generation = YES;
				INFOPLIST_KEY_UIApplicationSupportsIndirectInputEvents = YES;
				INFOPLIST_KEY_UILaunchScreen_Generation = YES;
				INFOPLIST_KEY_UISupportedInterfaceOrientations_iPad = "UIInterfaceOrientationPortrait UIInterfaceOrientationPortraitUpsideDown UIInterfaceOrientationLandscapeLeft UIInterfaceOrientationLandscapeRight";
				INFOPLIST_KEY_UISupportedInterfaceOrientations_iPhone = "UIInterfaceOrientationPortrait UIInterfaceOrientationLandscapeLeft UIInterfaceOrientationLandscapeRight";
				LD_RUNPATH_SEARCH_PATHS = (
					"$(inherited)",
					"@executable_path/Frameworks",
				);
				MARKETING_VERSION = 1.0;
				PRODUCT_BUNDLE_IDENTIFIER = com.giatrakis.PracticalSwiftUI;
				PRODUCT_NAME = "$(TARGET_NAME)";
				PROVISIONING_PROFILE_SPECIFIER = "";
				SWIFT_EMIT_LOC_STRINGS = YES;
				SWIFT_VERSION = 5.0;
				TARGETED_DEVICE_FAMILY = "1,2";
			};
			name = Debug;
		};
		70C2E5A4275E56C7007DB761 /* Release */ = {
			isa = XCBuildConfiguration;
			buildSettings = {
				ASSETCATALOG_COMPILER_APPICON_NAME = AppIcon;
				ASSETCATALOG_COMPILER_GLOBAL_ACCENT_COLOR_NAME = AccentColor;
				CODE_SIGN_IDENTITY = "Apple Development";
				CODE_SIGN_STYLE = Automatic;
				CURRENT_PROJECT_VERSION = 1;
				DEVELOPMENT_ASSET_PATHS = "\"PracticalSwiftUI/Preview Content\"";
				DEVELOPMENT_TEAM = 6UW9G8A7BB;
				ENABLE_PREVIEWS = YES;
				GENERATE_INFOPLIST_FILE = YES;
				INFOPLIST_KEY_UIApplicationSceneManifest_Generation = YES;
				INFOPLIST_KEY_UIApplicationSupportsIndirectInputEvents = YES;
				INFOPLIST_KEY_UILaunchScreen_Generation = YES;
				INFOPLIST_KEY_UISupportedInterfaceOrientations_iPad = "UIInterfaceOrientationPortrait UIInterfaceOrientationPortraitUpsideDown UIInterfaceOrientationLandscapeLeft UIInterfaceOrientationLandscapeRight";
				INFOPLIST_KEY_UISupportedInterfaceOrientations_iPhone = "UIInterfaceOrientationPortrait UIInterfaceOrientationLandscapeLeft UIInterfaceOrientationLandscapeRight";
				LD_RUNPATH_SEARCH_PATHS = (
					"$(inherited)",
					"@executable_path/Frameworks",
				);
				MARKETING_VERSION = 1.0;
				PRODUCT_BUNDLE_IDENTIFIER = com.giatrakis.PracticalSwiftUI;
				PRODUCT_NAME = "$(TARGET_NAME)";
				PROVISIONING_PROFILE_SPECIFIER = "";
				SWIFT_EMIT_LOC_STRINGS = YES;
				SWIFT_VERSION = 5.0;
				TARGETED_DEVICE_FAMILY = "1,2";
			};
			name = Release;
		};
/* End XCBuildConfiguration section */

/* Begin XCConfigurationList section */
		70C2E58F275E56C5007DB761 /* Build configuration list for PBXProject "PracticalSwiftUI" */ = {
			isa = XCConfigurationList;
			buildConfigurations = (
				70C2E5A0275E56C7007DB761 /* Debug */,
				70C2E5A1275E56C7007DB761 /* Release */,
			);
			defaultConfigurationIsVisible = 0;
			defaultConfigurationName = Release;
		};
		70C2E5A2275E56C7007DB761 /* Build configuration list for PBXNativeTarget "PracticalSwiftUI" */ = {
			isa = XCConfigurationList;
			buildConfigurations = (
				70C2E5A3275E56C7007DB761 /* Debug */,
				70C2E5A4275E56C7007DB761 /* Release */,
			);
			defaultConfigurationIsVisible = 0;
			defaultConfigurationName = Release;
		};
/* End XCConfigurationList section */

/* Begin XCRemoteSwiftPackageReference section */
		7033E3B227637459009489B6 /* XCRemoteSwiftPackageReference "Kingfisher" */ = {
			isa = XCRemoteSwiftPackageReference;
			repositoryURL = "https://github.com/onevcat/Kingfisher.git";
			requirement = {
				kind = exactVersion;
				version = 7.1.2;
			};
		};
		707DA7472762117E0083F921 /* XCRemoteSwiftPackageReference "Alamofire" */ = {
			isa = XCRemoteSwiftPackageReference;
			repositoryURL = "https://github.com/Alamofire/Alamofire.git";
			requirement = {
				kind = exactVersion;
				version = 5.4.4;
			};
		};
/* End XCRemoteSwiftPackageReference section */

/* Begin XCSwiftPackageProductDependency section */
		7033E3B327637459009489B6 /* Kingfisher */ = {
			isa = XCSwiftPackageProductDependency;
			package = 7033E3B227637459009489B6 /* XCRemoteSwiftPackageReference "Kingfisher" */;
			productName = Kingfisher;
		};
		707DA7482762117E0083F921 /* Alamofire */ = {
			isa = XCSwiftPackageProductDependency;
			package = 707DA7472762117E0083F921 /* XCRemoteSwiftPackageReference "Alamofire" */;
			productName = Alamofire;
		};
/* End XCSwiftPackageProductDependency section */
	};
	rootObject = 70C2E58C275E56C5007DB761 /* Project object */;
}
